
Microsoft Visual Studio Solution File, Format Version 12.00
# Visual Studio Version 17
VisualStudioVersion = 17.4.33122.133
MinimumVisualStudioVersion = 10.0.40219.1
Project("{FAE04EC0-301F-11D3-BF4B-00C04F79EFBC}") = "LabDarbas2_19", "LabDarbas2_19\LabDarbas2_19.csproj", "{35E76905-F094-45A6-BEAD-59D129C19DCC}"
EndProject
Global
	GlobalSection(SolutionConfigurationPlatforms) = preSolution
		Debug|Any CPU = Debug|Any CPU
		Release|Any CPU = Release|Any CPU
	EndGlobalSection
	GlobalSection(ProjectConfigurationPlatforms) = postSolution
		{35E76905-F094-45A6-BEAD-59D129C19DCC}.Debug|Any CPU.ActiveCfg = Debug|Any CPU
		{35E76905-F094-45A6-BEAD-59D129C19DCC}.Debug|Any CPU.Build.0 = Debug|Any CPU
		{35E76905-F094-45A6-BEAD-59D129C19DCC}.Release|Any CPU.ActiveCfg = Release|Any CPU
		{35E76905-F094-45A6-BEAD-59D129C19DCC}.Release|Any CPU.Build.0 = Release|Any CPU
	EndGlobalSection
	GlobalSection(SolutionProperties) = preSolution
		HideSolutionNode = FALSE
	EndGlobalSection
	GlobalSection(ExtensibilityGlobals) = postSolution
		SolutionGuid = {DBEF55A3-D332-47F1-807C-91F84AFEEE8F}
	EndGlobalSection
EndGlobal
